
Microsoft Visual Studio Solution File, Format Version 12.00
# Visual Studio Version 16
VisualStudioVersion = 16.0.30717.126
MinimumVisualStudioVersion = 10.0.40219.1
Project("{9A19103F-16F7-4668-BE54-9A1E7A4F7556}") = "DevOidc.Functions", "DevOidc.Functions\DevOidc.Functions.csproj", "{754E80F1-52E4-4824-A590-260BF4F65DFF}"
EndProject
Project("{9A19103F-16F7-4668-BE54-9A1E7A4F7556}") = "DevOidc.Core", "DevOidc.Core\DevOidc.Core.csproj", "{BBB30610-B944-45FC-B0AE-362DFF98A17B}"
EndProject
Project("{9A19103F-16F7-4668-BE54-9A1E7A4F7556}") = "DevOidc.Business", "DevOidc.Business\DevOidc.Business.csproj", "{A90B6EA8-9423-4DF2-AD21-3D5FE84BF169}"
EndProject
Project("{9A19103F-16F7-4668-BE54-9A1E7A4F7556}") = "DevOidc.Repositories", "DevOidc.Repositories\DevOidc.Repositories.csproj", "{71F080CC-5A0D-4D33-B7A9-DFC16C5B00A0}"
EndProject
Project("{9A19103F-16F7-4668-BE54-9A1E7A4F7556}") = "DevOidc.Cms", "DevOidc.Cms\DevOidc.Cms.csproj", "{F385659C-139F-4EF7-9B99-CB2E8D1D90C6}"
EndProject
Global
	GlobalSection(SolutionConfigurationPlatforms) = preSolution
		Debug|Any CPU = Debug|Any CPU
		Release|Any CPU = Release|Any CPU
	EndGlobalSection
	GlobalSection(ProjectConfigurationPlatforms) = postSolution
		{754E80F1-52E4-4824-A590-260BF4F65DFF}.Debug|Any CPU.ActiveCfg = Debug|Any CPU
		{754E80F1-52E4-4824-A590-260BF4F65DFF}.Debug|Any CPU.Build.0 = Debug|Any CPU
		{754E80F1-52E4-4824-A590-260BF4F65DFF}.Release|Any CPU.ActiveCfg = Release|Any CPU
		{754E80F1-52E4-4824-A590-260BF4F65DFF}.Release|Any CPU.Build.0 = Release|Any CPU
		{BBB30610-B944-45FC-B0AE-362DFF98A17B}.Debug|Any CPU.ActiveCfg = Debug|Any CPU
		{BBB30610-B944-45FC-B0AE-362DFF98A17B}.Debug|Any CPU.Build.0 = Debug|Any CPU
		{BBB30610-B944-45FC-B0AE-362DFF98A17B}.Release|Any CPU.ActiveCfg = Release|Any CPU
		{BBB30610-B944-45FC-B0AE-362DFF98A17B}.Release|Any CPU.Build.0 = Release|Any CPU
		{A90B6EA8-9423-4DF2-AD21-3D5FE84BF169}.Debug|Any CPU.ActiveCfg = Debug|Any CPU
		{A90B6EA8-9423-4DF2-AD21-3D5FE84BF169}.Debug|Any CPU.Build.0 = Debug|Any CPU
		{A90B6EA8-9423-4DF2-AD21-3D5FE84BF169}.Release|Any CPU.ActiveCfg = Release|Any CPU
		{A90B6EA8-9423-4DF2-AD21-3D5FE84BF169}.Release|Any CPU.Build.0 = Release|Any CPU
		{71F080CC-5A0D-4D33-B7A9-DFC16C5B00A0}.Debug|Any CPU.ActiveCfg = Debug|Any CPU
		{71F080CC-5A0D-4D33-B7A9-DFC16C5B00A0}.Debug|Any CPU.Build.0 = Debug|Any CPU
		{71F080CC-5A0D-4D33-B7A9-DFC16C5B00A0}.Release|Any CPU.ActiveCfg = Release|Any CPU
		{71F080CC-5A0D-4D33-B7A9-DFC16C5B00A0}.Release|Any CPU.Build.0 = Release|Any CPU
		{F385659C-139F-4EF7-9B99-CB2E8D1D90C6}.Debug|Any CPU.ActiveCfg = Debug|Any CPU
		{F385659C-139F-4EF7-9B99-CB2E8D1D90C6}.Debug|Any CPU.Build.0 = Debug|Any CPU
		{F385659C-139F-4EF7-9B99-CB2E8D1D90C6}.Release|Any CPU.ActiveCfg = Release|Any CPU
		{F385659C-139F-4EF7-9B99-CB2E8D1D90C6}.Release|Any CPU.Build.0 = Release|Any CPU
	EndGlobalSection
	GlobalSection(SolutionProperties) = preSolution
		HideSolutionNode = FALSE
	EndGlobalSection
	GlobalSection(ExtensibilityGlobals) = postSolution
		SolutionGuid = {63FFAA88-7676-48E7-A686-67D7FC5742E6}
	EndGlobalSection
EndGlobal
